
Microsoft Visual Studio Solution File, Format Version 12.00
# Visual Studio Version 17
VisualStudioVersion = 17.14.36203.30 d17.14
MinimumVisualStudioVersion = 10.0.40219.1
Project("{888888A0-9F3D-457C-B088-3A5042F75D52}") = "npperc", "npperc\npperc.pyproj", "{4235E310-82BF-429F-AE02-561BC9F0218C}"
EndProject
Global
	GlobalSection(SolutionConfigurationPlatforms) = preSolution
		Debug|Any CPU = Debug|Any CPU
		Release|Any CPU = Release|Any CPU
	EndGlobalSection
	GlobalSection(ProjectConfigurationPlatforms) = postSolution
		{4235E310-82BF-429F-AE02-561BC9F0218C}.Debug|Any CPU.ActiveCfg = Debug|Any CPU
		{4235E310-82BF-429F-AE02-561BC9F0218C}.Release|Any CPU.ActiveCfg = Release|Any CPU
	EndGlobalSection
	GlobalSection(SolutionProperties) = preSolution
		HideSolutionNode = FALSE
	EndGlobalSection
	GlobalSection(ExtensibilityGlobals) = postSolution
		SolutionGuid = {9C458597-4E42-48F1-A81A-C21C866CEF64}
	EndGlobalSection
EndGlobal
